
Microsoft Visual Studio Solution File, Format Version 12.00
# Visual Studio Version 17
VisualStudioVersion = 17.7.34202.233
MinimumVisualStudioVersion = 10.0.40219.1
Project("{FAE04EC0-301F-11D3-BF4B-00C04F79EFBC}") = "WinFormApi", "WinFormApi\WinFormApi.csproj", "{6A0DE3E4-A3A7-4EDF-8E1E-804A9982FC55}"
EndProject
Project("{FAE04EC0-301F-11D3-BF4B-00C04F79EFBC}") = "ClienteServicios", "ClienteServicios\ClienteServicios.csproj", "{96065509-EBAA-43E0-A261-6647F72F0662}"
EndProject
Project("{FAE04EC0-301F-11D3-BF4B-00C04F79EFBC}") = "Negocio", "Negocio\Negocio.csproj", "{0B9754E9-6D33-4479-BCAE-E1D67774E6F7}"
EndProject
Global
	GlobalSection(SolutionConfigurationPlatforms) = preSolution
		Debug|Any CPU = Debug|Any CPU
		Release|Any CPU = Release|Any CPU
	EndGlobalSection
	GlobalSection(ProjectConfigurationPlatforms) = postSolution
		{6A0DE3E4-A3A7-4EDF-8E1E-804A9982FC55}.Debug|Any CPU.ActiveCfg = Debug|Any CPU
		{6A0DE3E4-A3A7-4EDF-8E1E-804A9982FC55}.Debug|Any CPU.Build.0 = Debug|Any CPU
		{6A0DE3E4-A3A7-4EDF-8E1E-804A9982FC55}.Release|Any CPU.ActiveCfg = Release|Any CPU
		{6A0DE3E4-A3A7-4EDF-8E1E-804A9982FC55}.Release|Any CPU.Build.0 = Release|Any CPU
		{96065509-EBAA-43E0-A261-6647F72F0662}.Debug|Any CPU.ActiveCfg = Debug|Any CPU
		{96065509-EBAA-43E0-A261-6647F72F0662}.Debug|Any CPU.Build.0 = Debug|Any CPU
		{96065509-EBAA-43E0-A261-6647F72F0662}.Release|Any CPU.ActiveCfg = Release|Any CPU
		{96065509-EBAA-43E0-A261-6647F72F0662}.Release|Any CPU.Build.0 = Release|Any CPU
		{0B9754E9-6D33-4479-BCAE-E1D67774E6F7}.Debug|Any CPU.ActiveCfg = Debug|Any CPU
		{0B9754E9-6D33-4479-BCAE-E1D67774E6F7}.Debug|Any CPU.Build.0 = Debug|Any CPU
		{0B9754E9-6D33-4479-BCAE-E1D67774E6F7}.Release|Any CPU.ActiveCfg = Release|Any CPU
		{0B9754E9-6D33-4479-BCAE-E1D67774E6F7}.Release|Any CPU.Build.0 = Release|Any CPU
	EndGlobalSection
	GlobalSection(SolutionProperties) = preSolution
		HideSolutionNode = FALSE
	EndGlobalSection
	GlobalSection(ExtensibilityGlobals) = postSolution
		SolutionGuid = {E4556423-CC10-408F-90C4-6880F17F3AB0}
	EndGlobalSection
EndGlobal
